
Microsoft Visual Studio Solution File, Format Version 12.00
# Visual Studio 14
VisualStudioVersion = 14.0.25420.1
MinimumVisualStudioVersion = 10.0.40219.1
Project("{FAE04EC0-301F-11D3-BF4B-00C04F79EFBC}") = "MPCore", "MPRecords\MPCore.csproj", "{D85466F5-5F31-47CB-A117-EEDA9278C926}"
EndProject
Project("{FAE04EC0-301F-11D3-BF4B-00C04F79EFBC}") = "MPConsole", "MPConsole\MPConsole.csproj", "{5122D3F5-5EDE-43A4-82B0-8431C6A7E71F}"
EndProject
Project("{FAE04EC0-301F-11D3-BF4B-00C04F79EFBC}") = "MPRepository", "MPRepository\MPRepository.csproj", "{6959402C-5F1F-42AF-ADD6-14066A38BBD7}"
EndProject
Project("{FAE04EC0-301F-11D3-BF4B-00C04F79EFBC}") = "MPData", "MPData\MPData.csproj", "{DAE5E609-8BD4-4E90-9B20-D9998C92948B}"
EndProject
Project("{FAE04EC0-301F-11D3-BF4B-00C04F79EFBC}") = "MPSearch", "MPSearch\MPSearch.csproj", "{F97FD178-8E7F-450E-8073-89B1F78FF944}"
EndProject
Global
	GlobalSection(SolutionConfigurationPlatforms) = preSolution
		Debug|Any CPU = Debug|Any CPU
		Release|Any CPU = Release|Any CPU
	EndGlobalSection
	GlobalSection(ProjectConfigurationPlatforms) = postSolution
		{D85466F5-5F31-47CB-A117-EEDA9278C926}.Debug|Any CPU.ActiveCfg = Debug|Any CPU
		{D85466F5-5F31-47CB-A117-EEDA9278C926}.Debug|Any CPU.Build.0 = Debug|Any CPU
		{D85466F5-5F31-47CB-A117-EEDA9278C926}.Release|Any CPU.ActiveCfg = Release|Any CPU
		{D85466F5-5F31-47CB-A117-EEDA9278C926}.Release|Any CPU.Build.0 = Release|Any CPU
		{5122D3F5-5EDE-43A4-82B0-8431C6A7E71F}.Debug|Any CPU.ActiveCfg = Debug|Any CPU
		{5122D3F5-5EDE-43A4-82B0-8431C6A7E71F}.Debug|Any CPU.Build.0 = Debug|Any CPU
		{5122D3F5-5EDE-43A4-82B0-8431C6A7E71F}.Release|Any CPU.ActiveCfg = Release|Any CPU
		{5122D3F5-5EDE-43A4-82B0-8431C6A7E71F}.Release|Any CPU.Build.0 = Release|Any CPU
		{6959402C-5F1F-42AF-ADD6-14066A38BBD7}.Debug|Any CPU.ActiveCfg = Debug|Any CPU
		{6959402C-5F1F-42AF-ADD6-14066A38BBD7}.Debug|Any CPU.Build.0 = Debug|Any CPU
		{6959402C-5F1F-42AF-ADD6-14066A38BBD7}.Release|Any CPU.ActiveCfg = Release|Any CPU
		{6959402C-5F1F-42AF-ADD6-14066A38BBD7}.Release|Any CPU.Build.0 = Release|Any CPU
		{DAE5E609-8BD4-4E90-9B20-D9998C92948B}.Debug|Any CPU.ActiveCfg = Debug|Any CPU
		{DAE5E609-8BD4-4E90-9B20-D9998C92948B}.Debug|Any CPU.Build.0 = Debug|Any CPU
		{DAE5E609-8BD4-4E90-9B20-D9998C92948B}.Release|Any CPU.ActiveCfg = Release|Any CPU
		{DAE5E609-8BD4-4E90-9B20-D9998C92948B}.Release|Any CPU.Build.0 = Release|Any CPU
		{F97FD178-8E7F-450E-8073-89B1F78FF944}.Debug|Any CPU.ActiveCfg = Debug|Any CPU
		{F97FD178-8E7F-450E-8073-89B1F78FF944}.Debug|Any CPU.Build.0 = Debug|Any CPU
		{F97FD178-8E7F-450E-8073-89B1F78FF944}.Release|Any CPU.ActiveCfg = Release|Any CPU
		{F97FD178-8E7F-450E-8073-89B1F78FF944}.Release|Any CPU.Build.0 = Release|Any CPU
	EndGlobalSection
	GlobalSection(SolutionProperties) = preSolution
		HideSolutionNode = FALSE
	EndGlobalSection
EndGlobal
